// !$*UTF8*$!
{
	archiveVersion = 1;
	classes = {
	};
	objectVersion = 77;
	objects = {

/* Begin PBXBuildFile section */
		7D49E0EC2DE9CF53005518D9 /* ContentView.swift in Sources */ = {isa = PBXBuildFile; fileRef = 7D49E0E92DE9CF53005518D9 /* ContentView.swift */; };
		7D49E0ED2DE9CF53005518D9 /* MapkitApp.swift in Sources */ = {isa = PBXBuildFile; fileRef = 7D49E0EA2DE9CF53005518D9 /* MapkitApp.swift */; };
		7D49E0EE2DE9CF53005518D9 /* Preview Assets.xcassets in Resources */ = {isa = PBXBuildFile; fileRef = 7D49E0E42DE9CF53005518D9 /* Preview Assets.xcassets */; };
		7D49E0EF2DE9CF53005518D9 /* Assets.xcassets in Resources */ = {isa = PBXBuildFile; fileRef = 7D49E0E82DE9CF53005518D9 /* Assets.xcassets */; };
		7D49E0F12DE9D0D9005518D9 /* Location.swift in Sources */ = {isa = PBXBuildFile; fileRef = 7D49E0F02DE9D0D9005518D9 /* Location.swift */; };
		7D49E0F52DEACF5F005518D9 /* LocationsDataService.swift in Sources */ = {isa = PBXBuildFile; fileRef = 7D49E0F42DEACF5F005518D9 /* LocationsDataService.swift */; };
		7D49E0F72DEADC50005518D9 /* LocationsView.swift in Sources */ = {isa = PBXBuildFile; fileRef = 7D49E0F62DEADC50005518D9 /* LocationsView.swift */; };
		7D49E0F92DEAFA67005518D9 /* LocationsViewModel.swift in Sources */ = {isa = PBXBuildFile; fileRef = 7D49E0F82DEAFA67005518D9 /* LocationsViewModel.swift */; };
		7D789F032DF5832C00955A0A /* LocationsListView.swift in Sources */ = {isa = PBXBuildFile; fileRef = 7D789F022DF5832C00955A0A /* LocationsListView.swift */; };
		7D789F432DF6FF2B00955A0A /* LocationPreviewView.swift in Sources */ = {isa = PBXBuildFile; fileRef = 7D789F422DF6FF2B00955A0A /* LocationPreviewView.swift */; };
		7DBE25252DFD598B0089A69E /* LocationMapAnnotationView.swift in Sources */ = {isa = PBXBuildFile; fileRef = 7DBE25242DFD598B0089A69E /* LocationMapAnnotationView.swift */; };
		7DBE253F2DFD8BFB0089A69E /* LocationDetailView.swift in Sources */ = {isa = PBXBuildFile; fileRef = 7DBE253E2DFD8BFB0089A69E /* LocationDetailView.swift */; };
/* End PBXBuildFile section */

/* Begin PBXFileReference section */
		7D49E0CD2DE9C6FE005518D9 /* Mapkit.app */ = {isa = PBXFileReference; explicitFileType = wrapper.application; includeInIndex = 0; path = Mapkit.app; sourceTree = BUILT_PRODUCTS_DIR; };
		7D49E0E42DE9CF53005518D9 /* Preview Assets.xcassets */ = {isa = PBXFileReference; lastKnownFileType = folder.assetcatalog; path = "Preview Assets.xcassets"; sourceTree = "<group>"; };
		7D49E0E82DE9CF53005518D9 /* Assets.xcassets */ = {isa = PBXFileReference; lastKnownFileType = folder.assetcatalog; path = Assets.xcassets; sourceTree = "<group>"; };
		7D49E0E92DE9CF53005518D9 /* ContentView.swift */ = {isa = PBXFileReference; lastKnownFileType = sourcecode.swift; path = ContentView.swift; sourceTree = "<group>"; };
		7D49E0EA2DE9CF53005518D9 /* MapkitApp.swift */ = {isa = PBXFileReference; lastKnownFileType = sourcecode.swift; path = MapkitApp.swift; sourceTree = "<group>"; };
		7D49E0F02DE9D0D9005518D9 /* Location.swift */ = {isa = PBXFileReference; lastKnownFileType = sourcecode.swift; path = Location.swift; sourceTree = "<group>"; };
		7D49E0F42DEACF5F005518D9 /* LocationsDataService.swift */ = {isa = PBXFileReference; lastKnownFileType = sourcecode.swift; path = LocationsDataService.swift; sourceTree = "<group>"; };
		7D49E0F62DEADC50005518D9 /* LocationsView.swift */ = {isa = PBXFileReference; lastKnownFileType = sourcecode.swift; path = LocationsView.swift; sourceTree = "<group>"; };
		7D49E0F82DEAFA67005518D9 /* LocationsViewModel.swift */ = {isa = PBXFileReference; lastKnownFileType = sourcecode.swift; path = LocationsViewModel.swift; sourceTree = "<group>"; };
		7D789F022DF5832C00955A0A /* LocationsListView.swift */ = {isa = PBXFileReference; lastKnownFileType = sourcecode.swift; path = LocationsListView.swift; sourceTree = "<group>"; };
		7D789F422DF6FF2B00955A0A /* LocationPreviewView.swift */ = {isa = PBXFileReference; lastKnownFileType = sourcecode.swift; path = LocationPreviewView.swift; sourceTree = "<group>"; };
		7DBE25242DFD598B0089A69E /* LocationMapAnnotationView.swift */ = {isa = PBXFileReference; lastKnownFileType = sourcecode.swift; path = LocationMapAnnotationView.swift; sourceTree = "<group>"; };
		7DBE253E2DFD8BFB0089A69E /* LocationDetailView.swift */ = {isa = PBXFileReference; lastKnownFileType = sourcecode.swift; path = LocationDetailView.swift; sourceTree = "<group>"; };
		7DBE25402DFEC40C0089A69E /* Info.plist */ = {isa = PBXFileReference; lastKnownFileType = text.plist; path = Info.plist; sourceTree = "<group>"; };
/* End PBXFileReference section */

/* Begin PBXFrameworksBuildPhase section */
		7D49E0CA2DE9C6FE005518D9 /* Frameworks */ = {
			isa = PBXFrameworksBuildPhase;
			buildActionMask = 2147483647;
			files = (
			);
			runOnlyForDeploymentPostprocessing = 0;
		};
/* End PBXFrameworksBuildPhase section */

/* Begin PBXGroup section */
		7D49E0C42DE9C6FE005518D9 = {
			isa = PBXGroup;
			children = (
				7D49E0EB2DE9CF53005518D9 /* Mapkit */,
				7D49E0CE2DE9C6FE005518D9 /* Products */,
			);
			sourceTree = "<group>";
		};
		7D49E0CE2DE9C6FE005518D9 /* Products */ = {
			isa = PBXGroup;
			children = (
				7D49E0CD2DE9C6FE005518D9 /* Mapkit.app */,
			);
			name = Products;
			sourceTree = "<group>";
		};
		7D49E0E32DE9CF53005518D9 /* Models */ = {
			isa = PBXGroup;
			children = (
				7D49E0F02DE9D0D9005518D9 /* Location.swift */,
			);
			path = Models;
			sourceTree = "<group>";
		};
		7D49E0E52DE9CF53005518D9 /* Preview Content */ = {
			isa = PBXGroup;
			children = (
				7D49E0E42DE9CF53005518D9 /* Preview Assets.xcassets */,
			);
			path = "Preview Content";
			sourceTree = "<group>";
		};
		7D49E0E62DE9CF53005518D9 /* ViewModels */ = {
			isa = PBXGroup;
			children = (
				7D49E0F82DEAFA67005518D9 /* LocationsViewModel.swift */,
			);
			path = ViewModels;
			sourceTree = "<group>";
		};
		7D49E0E72DE9CF53005518D9 /* Views */ = {
			isa = PBXGroup;
			children = (
				7D49E0F62DEADC50005518D9 /* LocationsView.swift */,
				7DBE25242DFD598B0089A69E /* LocationMapAnnotationView.swift */,
				7D789F022DF5832C00955A0A /* LocationsListView.swift */,
				7D789F422DF6FF2B00955A0A /* LocationPreviewView.swift */,
				7DBE253E2DFD8BFB0089A69E /* LocationDetailView.swift */,
			);
			path = Views;
			sourceTree = "<group>";
		};
		7D49E0EB2DE9CF53005518D9 /* Mapkit */ = {
			isa = PBXGroup;
			children = (
				7DBE25402DFEC40C0089A69E /* Info.plist */,
				7D49E0EA2DE9CF53005518D9 /* MapkitApp.swift */,
				7D49E0E92DE9CF53005518D9 /* ContentView.swift */,
				7D49E0F32DEACF06005518D9 /* DataServices */,
				7D49E0E72DE9CF53005518D9 /* Views */,
				7D49E0E62DE9CF53005518D9 /* ViewModels */,
				7D49E0E32DE9CF53005518D9 /* Models */,
				7D49E0E82DE9CF53005518D9 /* Assets.xcassets */,
				7D49E0E52DE9CF53005518D9 /* Preview Content */,
			);
			path = Mapkit;
			sourceTree = "<group>";
		};
		7D49E0F32DEACF06005518D9 /* DataServices */ = {
			isa = PBXGroup;
			children = (
				7D49E0F42DEACF5F005518D9 /* LocationsDataService.swift */,
			);
			path = DataServices;
			sourceTree = "<group>";
		};
/* End PBXGroup section */

/* Begin PBXNativeTarget section */
		7D49E0CC2DE9C6FE005518D9 /* Mapkit */ = {
			isa = PBXNativeTarget;
			buildConfigurationList = 7D49E0DB2DE9C6FF005518D9 /* Build configuration list for PBXNativeTarget "Mapkit" */;
			buildPhases = (
				7D49E0C92DE9C6FE005518D9 /* Sources */,
				7D49E0CA2DE9C6FE005518D9 /* Frameworks */,
				7D49E0CB2DE9C6FE005518D9 /* Resources */,
			);
			buildRules = (
			);
			dependencies = (
			);
			name = Mapkit;
			packageProductDependencies = (
			);
			productName = Mapkit;
			productReference = 7D49E0CD2DE9C6FE005518D9 /* Mapkit.app */;
			productType = "com.apple.product-type.application";
		};
/* End PBXNativeTarget section */

/* Begin PBXProject section */
		7D49E0C52DE9C6FE005518D9 /* Project object */ = {
			isa = PBXProject;
			attributes = {
				BuildIndependentTargetsInParallel = 1;
				LastSwiftUpdateCheck = 1610;
				LastUpgradeCheck = 1610;
				TargetAttributes = {
					7D49E0CC2DE9C6FE005518D9 = {
						CreatedOnToolsVersion = 16.1;
					};
				};
			};
			buildConfigurationList = 7D49E0C82DE9C6FE005518D9 /* Build configuration list for PBXProject "Mapkit" */;
			developmentRegion = en;
			hasScannedForEncodings = 0;
			knownRegions = (
				en,
				Base,
			);
			mainGroup = 7D49E0C42DE9C6FE005518D9;
			minimizedProjectReferenceProxies = 1;
			preferredProjectObjectVersion = 77;
			productRefGroup = 7D49E0CE2DE9C6FE005518D9 /* Products */;
			projectDirPath = "";
			projectRoot = "";
			targets = (
				7D49E0CC2DE9C6FE005518D9 /* Mapkit */,
			);
		};
/* End PBXProject section */

/* Begin PBXResourcesBuildPhase section */
		7D49E0CB2DE9C6FE005518D9 /* Resources */ = {
			isa = PBXResourcesBuildPhase;
			buildActionMask = 2147483647;
			files = (
				7D49E0EE2DE9CF53005518D9 /* Preview Assets.xcassets in Resources */,
				7D49E0EF2DE9CF53005518D9 /* Assets.xcassets in Resources */,
			);
			runOnlyForDeploymentPostprocessing = 0;
		};
/* End PBXResourcesBuildPhase section */

/* Begin PBXSourcesBuildPhase section */
		7D49E0C92DE9C6FE005518D9 /* Sources */ = {
			isa = PBXSourcesBuildPhase;
			buildActionMask = 2147483647;
			files = (
				7D49E0F52DEACF5F005518D9 /* LocationsDataService.swift in Sources */,
				7DBE25252DFD598B0089A69E /* LocationMapAnnotationView.swift in Sources */,
				7D49E0F92DEAFA67005518D9 /* LocationsViewModel.swift in Sources */,
				7D789F432DF6FF2B00955A0A /* LocationPreviewView.swift in Sources */,
				7D49E0F12DE9D0D9005518D9 /* Location.swift in Sources */,
				7D49E0F72DEADC50005518D9 /* LocationsView.swift in Sources */,
				7D789F032DF5832C00955A0A /* LocationsListView.swift in Sources */,
				7D49E0EC2DE9CF53005518D9 /* ContentView.swift in Sources */,
				7DBE253F2DFD8BFB0089A69E /* LocationDetailView.swift in Sources */,
				7D49E0ED2DE9CF53005518D9 /* MapkitApp.swift in Sources */,
			);
			runOnlyForDeploymentPostprocessing = 0;
		};
/* End PBXSourcesBuildPhase section */

/* Begin XCBuildConfiguration section */
		7D49E0D92DE9C6FF005518D9 /* Debug */ = {
			isa = XCBuildConfiguration;
			buildSettings = {
				ALWAYS_SEARCH_USER_PATHS = NO;
				ASSETCATALOG_COMPILER_GENERATE_SWIFT_ASSET_SYMBOL_EXTENSIONS = YES;
				CLANG_ANALYZER_NONNULL = YES;
				CLANG_ANALYZER_NUMBER_OBJECT_CONVERSION = YES_AGGRESSIVE;
				CLANG_CXX_LANGUAGE_STANDARD = "gnu++20";
				CLANG_ENABLE_MODULES = YES;
				CLANG_ENABLE_OBJC_ARC = YES;
				CLANG_ENABLE_OBJC_WEAK = YES;
				CLANG_WARN_BLOCK_CAPTURE_AUTORELEASING = YES;
				CLANG_WARN_BOOL_CONVERSION = YES;
				CLANG_WARN_COMMA = YES;
				CLANG_WARN_CONSTANT_CONVERSION = YES;
				CLANG_WARN_DEPRECATED_OBJC_IMPLEMENTATIONS = YES;
				CLANG_WARN_DIRECT_OBJC_ISA_USAGE = YES_ERROR;
				CLANG_WARN_DOCUMENTATION_COMMENTS = YES;
				CLANG_WARN_EMPTY_BODY = YES;
				CLANG_WARN_ENUM_CONVERSION = YES;
				CLANG_WARN_INFINITE_RECURSION = YES;
				CLANG_WARN_INT_CONVERSION = YES;
				CLANG_WARN_NON_LITERAL_NULL_CONVERSION = YES;
				CLANG_WARN_OBJC_IMPLICIT_RETAIN_SELF = YES;
				CLANG_WARN_OBJC_LITERAL_CONVERSION = YES;
				CLANG_WARN_OBJC_ROOT_CLASS = YES_ERROR;
				CLANG_WARN_QUOTED_INCLUDE_IN_FRAMEWORK_HEADER = YES;
				CLANG_WARN_RANGE_LOOP_ANALYSIS = YES;
				CLANG_WARN_STRICT_PROTOTYPES = YES;
				CLANG_WARN_SUSPICIOUS_MOVE = YES;
				CLANG_WARN_UNGUARDED_AVAILABILITY = YES_AGGRESSIVE;
				CLANG_WARN_UNREACHABLE_CODE = YES;
				CLANG_WARN__DUPLICATE_METHOD_MATCH = YES;
				COPY_PHASE_STRIP = NO;
				DEBUG_INFORMATION_FORMAT = dwarf;
				ENABLE_STRICT_OBJC_MSGSEND = YES;
				ENABLE_TESTABILITY = YES;
				ENABLE_USER_SCRIPT_SANDBOXING = YES;
				GCC_C_LANGUAGE_STANDARD = gnu17;
				GCC_DYNAMIC_NO_PIC = NO;
				GCC_NO_COMMON_BLOCKS = YES;
				GCC_OPTIMIZATION_LEVEL = 0;
				GCC_PREPROCESSOR_DEFINITIONS = (
					"DEBUG=1",
					"$(inherited)",
				);
				GCC_WARN_64_TO_32_BIT_CONVERSION = YES;
				GCC_WARN_ABOUT_RETURN_TYPE = YES_ERROR;
				GCC_WARN_UNDECLARED_SELECTOR = YES;
				GCC_WARN_UNINITIALIZED_AUTOS = YES_AGGRESSIVE;
				GCC_WARN_UNUSED_FUNCTION = YES;
				GCC_WARN_UNUSED_VARIABLE = YES;
				IPHONEOS_DEPLOYMENT_TARGET = 18.1;
				LOCALIZATION_PREFERS_STRING_CATALOGS = YES;
				MTL_ENABLE_DEBUG_INFO = INCLUDE_SOURCE;
				MTL_FAST_MATH = YES;
				ONLY_ACTIVE_ARCH = YES;
				SDKROOT = iphoneos;
				SWIFT_ACTIVE_COMPILATION_CONDITIONS = "DEBUG $(inherited)";
				SWIFT_OPTIMIZATION_LEVEL = "-Onone";
			};
			name = Debug;
		};
		7D49E0DA2DE9C6FF005518D9 /* Release */ = {
			isa = XCBuildConfiguration;
			buildSettings = {
				ALWAYS_SEARCH_USER_PATHS = NO;
				ASSETCATALOG_COMPILER_GENERATE_SWIFT_ASSET_SYMBOL_EXTENSIONS = YES;
				CLANG_ANALYZER_NONNULL = YES;
				CLANG_ANALYZER_NUMBER_OBJECT_CONVERSION = YES_AGGRESSIVE;
				CLANG_CXX_LANGUAGE_STANDARD = "gnu++20";
				CLANG_ENABLE_MODULES = YES;
				CLANG_ENABLE_OBJC_ARC = YES;
				CLANG_ENABLE_OBJC_WEAK = YES;
				CLANG_WARN_BLOCK_CAPTURE_AUTORELEASING = YES;
				CLANG_WARN_BOOL_CONVERSION = YES;
				CLANG_WARN_COMMA = YES;
				CLANG_WARN_CONSTANT_CONVERSION = YES;
				CLANG_WARN_DEPRECATED_OBJC_IMPLEMENTATIONS = YES;
				CLANG_WARN_DIRECT_OBJC_ISA_USAGE = YES_ERROR;
				CLANG_WARN_DOCUMENTATION_COMMENTS = YES;
				CLANG_WARN_EMPTY_BODY = YES;
				CLANG_WARN_ENUM_CONVERSION = YES;
				CLANG_WARN_INFINITE_RECURSION = YES;
				CLANG_WARN_INT_CONVERSION = YES;
				CLANG_WARN_NON_LITERAL_NULL_CONVERSION = YES;
				CLANG_WARN_OBJC_IMPLICIT_RETAIN_SELF = YES;
				CLANG_WARN_OBJC_LITERAL_CONVERSION = YES;
				CLANG_WARN_OBJC_ROOT_CLASS = YES_ERROR;
				CLANG_WARN_QUOTED_INCLUDE_IN_FRAMEWORK_HEADER = YES;
				CLANG_WARN_RANGE_LOOP_ANALYSIS = YES;
				CLANG_WARN_STRICT_PROTOTYPES = YES;
				CLANG_WARN_SUSPICIOUS_MOVE = YES;
				CLANG_WARN_UNGUARDED_AVAILABILITY = YES_AGGRESSIVE;
				CLANG_WARN_UNREACHABLE_CODE = YES;
				CLANG_WARN__DUPLICATE_METHOD_MATCH = YES;
				COPY_PHASE_STRIP = NO;
				DEBUG_INFORMATION_FORMAT = "dwarf-with-dsym";
				ENABLE_NS_ASSERTIONS = NO;
				ENABLE_STRICT_OBJC_MSGSEND = YES;
				ENABLE_USER_SCRIPT_SANDBOXING = YES;
				GCC_C_LANGUAGE_STANDARD = gnu17;
				GCC_NO_COMMON_BLOCKS = YES;
				GCC_WARN_64_TO_32_BIT_CONVERSION = YES;
				GCC_WARN_ABOUT_RETURN_TYPE = YES_ERROR;
				GCC_WARN_UNDECLARED_SELECTOR = YES;
				GCC_WARN_UNINITIALIZED_AUTOS = YES_AGGRESSIVE;
				GCC_WARN_UNUSED_FUNCTION = YES;
				GCC_WARN_UNUSED_VARIABLE = YES;
				IPHONEOS_DEPLOYMENT_TARGET = 18.1;
				LOCALIZATION_PREFERS_STRING_CATALOGS = YES;
				MTL_ENABLE_DEBUG_INFO = NO;
				MTL_FAST_MATH = YES;
				SDKROOT = iphoneos;
				SWIFT_COMPILATION_MODE = wholemodule;
				VALIDATE_PRODUCT = YES;
			};
			name = Release;
		};
		7D49E0DC2DE9C6FF005518D9 /* Debug */ = {
			isa = XCBuildConfiguration;
			buildSettings = {
				ASSETCATALOG_COMPILER_APPICON_NAME = AppIcon;
				ASSETCATALOG_COMPILER_GLOBAL_ACCENT_COLOR_NAME = AccentColor;
				CODE_SIGN_STYLE = Automatic;
				CURRENT_PROJECT_VERSION = 1;
				DEVELOPMENT_ASSET_PATHS = "\"Mapkit/Preview Content\"";
				ENABLE_PREVIEWS = YES;
				GENERATE_INFOPLIST_FILE = YES;
				INFOPLIST_FILE = Mapkit/Info.plist;
				INFOPLIST_KEY_CFBundleDisplayName = "Italy LandScape";
				INFOPLIST_KEY_UIApplicationSceneManifest_Generation = YES;
				INFOPLIST_KEY_UIApplicationSupportsIndirectInputEvents = YES;
				INFOPLIST_KEY_UISupportedInterfaceOrientations = UIInterfaceOrientationPortrait;
				INFOPLIST_KEY_UISupportedInterfaceOrientations_iPad = "UIInterfaceOrientationLandscapeLeft UIInterfaceOrientationLandscapeRight UIInterfaceOrientationPortrait UIInterfaceOrientationPortraitUpsideDown";
				LD_RUNPATH_SEARCH_PATHS = (
					"$(inherited)",
					"@executable_path/Frameworks",
				);
				MARKETING_VERSION = 1.0;
				PRODUCT_BUNDLE_IDENTIFIER = com.perksh.Mapkit;
				PRODUCT_NAME = "$(TARGET_NAME)";
				SWIFT_EMIT_LOC_STRINGS = YES;
				SWIFT_VERSION = 5.0;
				TARGETED_DEVICE_FAMILY = "1,2";
			};
			name = Debug;
		};
		7D49E0DD2DE9C6FF005518D9 /* Release */ = {
			isa = XCBuildConfiguration;
			buildSettings = {
				ASSETCATALOG_COMPILER_APPICON_NAME = AppIcon;
				ASSETCATALOG_COMPILER_GLOBAL_ACCENT_COLOR_NAME = AccentColor;
				CODE_SIGN_STYLE = Automatic;
				CURRENT_PROJECT_VERSION = 1;
				DEVELOPMENT_ASSET_PATHS = "\"Mapkit/Preview Content\"";
				ENABLE_PREVIEWS = YES;
				GENERATE_INFOPLIST_FILE = YES;
				INFOPLIST_FILE = Mapkit/Info.plist;
				INFOPLIST_KEY_CFBundleDisplayName = "Italy LandScape";
				INFOPLIST_KEY_UIApplicationSceneManifest_Generation = YES;
				INFOPLIST_KEY_UIApplicationSupportsIndirectInputEvents = YES;
				INFOPLIST_KEY_UISupportedInterfaceOrientations = UIInterfaceOrientationPortrait;
				INFOPLIST_KEY_UISupportedInterfaceOrientations_iPad = "UIInterfaceOrientationLandscapeLeft UIInterfaceOrientationLandscapeRight UIInterfaceOrientationPortrait UIInterfaceOrientationPortraitUpsideDown";
				LD_RUNPATH_SEARCH_PATHS = (
					"$(inherited)",
					"@executable_path/Frameworks",
				);
				MARKETING_VERSION = 1.0;
				PRODUCT_BUNDLE_IDENTIFIER = com.perksh.Mapkit;
				PRODUCT_NAME = "$(TARGET_NAME)";
				SWIFT_EMIT_LOC_STRINGS = YES;
				SWIFT_VERSION = 5.0;
				TARGETED_DEVICE_FAMILY = "1,2";
			};
			name = Release;
		};
/* End XCBuildConfiguration section */

/* Begin XCConfigurationList section */
		7D49E0C82DE9C6FE005518D9 /* Build configuration list for PBXProject "Mapkit" */ = {
			isa = XCConfigurationList;
			buildConfigurations = (
				7D49E0D92DE9C6FF005518D9 /* Debug */,
				7D49E0DA2DE9C6FF005518D9 /* Release */,
			);
			defaultConfigurationIsVisible = 0;
			defaultConfigurationName = Release;
		};
		7D49E0DB2DE9C6FF005518D9 /* Build configuration list for PBXNativeTarget "Mapkit" */ = {
			isa = XCConfigurationList;
			buildConfigurations = (
				7D49E0DC2DE9C6FF005518D9 /* Debug */,
				7D49E0DD2DE9C6FF005518D9 /* Release */,
			);
			defaultConfigurationIsVisible = 0;
			defaultConfigurationName = Release;
		};
/* End XCConfigurationList section */
	};
	rootObject = 7D49E0C52DE9C6FE005518D9 /* Project object */;
}
